// !$*UTF8*$!
{
	archiveVersion = 1;
	classes = {
	};
	objectVersion = 50;
	objects = {

/* Begin PBXBuildFile section */
		1AF9973722BE9F6000E4EF4A /* AppDelegate.swift in Sources */ = {isa = PBXBuildFile; fileRef = 1AF9973622BE9F6000E4EF4A /* AppDelegate.swift */; };
		1AF9973922BE9F6000E4EF4A /* WhoNeedsToGetViewController.swift in Sources */ = {isa = PBXBuildFile; fileRef = 1AF9973822BE9F6000E4EF4A /* WhoNeedsToGetViewController.swift */; };
		1AF9973C22BE9F6000E4EF4A /* Main.storyboard in Resources */ = {isa = PBXBuildFile; fileRef = 1AF9973A22BE9F6000E4EF4A /* Main.storyboard */; };
		1AF9973F22BE9F6000E4EF4A /* Lunch.xcdatamodeld in Sources */ = {isa = PBXBuildFile; fileRef = 1AF9973D22BE9F6000E4EF4A /* Lunch.xcdatamodeld */; };
		1AF9974122BE9F6200E4EF4A /* Assets.xcassets in Resources */ = {isa = PBXBuildFile; fileRef = 1AF9974022BE9F6200E4EF4A /* Assets.xcassets */; };
		1AF9974422BE9F6200E4EF4A /* LaunchScreen.storyboard in Resources */ = {isa = PBXBuildFile; fileRef = 1AF9974222BE9F6200E4EF4A /* LaunchScreen.storyboard */; };
		1AF9975022BEA76A00E4EF4A /* DataModel.xcdatamodeld in Sources */ = {isa = PBXBuildFile; fileRef = 1AF9974E22BEA76A00E4EF4A /* DataModel.xcdatamodeld */; };
/* End PBXBuildFile section */

/* Begin PBXFileReference section */
		1AF9973322BE9F6000E4EF4A /* Lunch.app */ = {isa = PBXFileReference; explicitFileType = wrapper.application; includeInIndex = 0; path = Lunch.app; sourceTree = BUILT_PRODUCTS_DIR; };
		1AF9973622BE9F6000E4EF4A /* AppDelegate.swift */ = {isa = PBXFileReference; lastKnownFileType = sourcecode.swift; path = AppDelegate.swift; sourceTree = "<group>"; };
		1AF9973822BE9F6000E4EF4A /* WhoNeedsToGetViewController.swift */ = {isa = PBXFileReference; lastKnownFileType = sourcecode.swift; path = WhoNeedsToGetViewController.swift; sourceTree = "<group>"; };
		1AF9973B22BE9F6000E4EF4A /* Base */ = {isa = PBXFileReference; lastKnownFileType = file.storyboard; name = Base; path = Base.lproj/Main.storyboard; sourceTree = "<group>"; };
		1AF9973E22BE9F6000E4EF4A /* Lunch.xcdatamodel */ = {isa = PBXFileReference; lastKnownFileType = wrapper.xcdatamodel; path = Lunch.xcdatamodel; sourceTree = "<group>"; };
		1AF9974022BE9F6200E4EF4A /* Assets.xcassets */ = {isa = PBXFileReference; lastKnownFileType = folder.assetcatalog; path = Assets.xcassets; sourceTree = "<group>"; };
		1AF9974322BE9F6200E4EF4A /* Base */ = {isa = PBXFileReference; lastKnownFileType = file.storyboard; name = Base; path = Base.lproj/LaunchScreen.storyboard; sourceTree = "<group>"; };
		1AF9974522BE9F6200E4EF4A /* Info.plist */ = {isa = PBXFileReference; lastKnownFileType = text.plist.xml; path = Info.plist; sourceTree = "<group>"; };
		1AF9974F22BEA76A00E4EF4A /* DataModel.xcdatamodel */ = {isa = PBXFileReference; lastKnownFileType = wrapper.xcdatamodel; path = DataModel.xcdatamodel; sourceTree = "<group>"; };
/* End PBXFileReference section */

/* Begin PBXFrameworksBuildPhase section */
		1AF9973022BE9F6000E4EF4A /* Frameworks */ = {
			isa = PBXFrameworksBuildPhase;
			buildActionMask = 2147483647;
			files = (
			);
			runOnlyForDeploymentPostprocessing = 0;
		};
/* End PBXFrameworksBuildPhase section */

/* Begin PBXGroup section */
		1AF9972A22BE9F6000E4EF4A = {
			isa = PBXGroup;
			children = (
				1AF9973522BE9F6000E4EF4A /* Lunch */,
				1AF9973422BE9F6000E4EF4A /* Products */,
			);
			sourceTree = "<group>";
		};
		1AF9973422BE9F6000E4EF4A /* Products */ = {
			isa = PBXGroup;
			children = (
				1AF9973322BE9F6000E4EF4A /* Lunch.app */,
			);
			name = Products;
			sourceTree = "<group>";
		};
		1AF9973522BE9F6000E4EF4A /* Lunch */ = {
			isa = PBXGroup;
			children = (
				1AF9974D22BEA75600E4EF4A /* Data Models */,
				1AF9973622BE9F6000E4EF4A /* AppDelegate.swift */,
				1AF9974B22BEA73400E4EF4A /* Controllers */,
				1AF9974C22BEA74A00E4EF4A /* Views */,
				1AF9974022BE9F6200E4EF4A /* Assets.xcassets */,
				1AF9974222BE9F6200E4EF4A /* LaunchScreen.storyboard */,
				1AF9974522BE9F6200E4EF4A /* Info.plist */,
				1AF9973D22BE9F6000E4EF4A /* Lunch.xcdatamodeld */,
			);
			path = Lunch;
			sourceTree = "<group>";
		};
		1AF9974B22BEA73400E4EF4A /* Controllers */ = {
			isa = PBXGroup;
			children = (
				1AF9973822BE9F6000E4EF4A /* WhoNeedsToGetViewController.swift */,
			);
			path = Controllers;
			sourceTree = "<group>";
		};
		1AF9974C22BEA74A00E4EF4A /* Views */ = {
			isa = PBXGroup;
			children = (
				1AF9973A22BE9F6000E4EF4A /* Main.storyboard */,
			);
			path = Views;
			sourceTree = "<group>";
		};
		1AF9974D22BEA75600E4EF4A /* Data Models */ = {
			isa = PBXGroup;
			children = (
				1AF9974E22BEA76A00E4EF4A /* DataModel.xcdatamodeld */,
			);
			path = "Data Models";
			sourceTree = "<group>";
		};
/* End PBXGroup section */

/* Begin PBXNativeTarget section */
		1AF9973222BE9F6000E4EF4A /* Lunch */ = {
			isa = PBXNativeTarget;
			buildConfigurationList = 1AF9974822BE9F6200E4EF4A /* Build configuration list for PBXNativeTarget "Lunch" */;
			buildPhases = (
				1AF9972F22BE9F6000E4EF4A /* Sources */,
				1AF9973022BE9F6000E4EF4A /* Frameworks */,
				1AF9973122BE9F6000E4EF4A /* Resources */,
			);
			buildRules = (
			);
			dependencies = (
			);
			name = Lunch;
			productName = Lunch;
			productReference = 1AF9973322BE9F6000E4EF4A /* Lunch.app */;
			productType = "com.apple.product-type.application";
		};
/* End PBXNativeTarget section */

/* Begin PBXProject section */
		1AF9972B22BE9F6000E4EF4A /* Project object */ = {
			isa = PBXProject;
			attributes = {
				LastSwiftUpdateCheck = 1010;
				LastUpgradeCheck = 1010;
				ORGANIZATIONNAME = "The Productive Developer";
				TargetAttributes = {
					1AF9973222BE9F6000E4EF4A = {
						CreatedOnToolsVersion = 10.1;
					};
				};
			};
			buildConfigurationList = 1AF9972E22BE9F6000E4EF4A /* Build configuration list for PBXProject "Lunch" */;
			compatibilityVersion = "Xcode 9.3";
			developmentRegion = en;
			hasScannedForEncodings = 0;
			knownRegions = (
				en,
				Base,
			);
			mainGroup = 1AF9972A22BE9F6000E4EF4A;
			productRefGroup = 1AF9973422BE9F6000E4EF4A /* Products */;
			projectDirPath = "";
			projectRoot = "";
			targets = (
				1AF9973222BE9F6000E4EF4A /* Lunch */,
			);
		};
/* End PBXProject section */

/* Begin PBXResourcesBuildPhase section */
		1AF9973122BE9F6000E4EF4A /* Resources */ = {
			isa = PBXResourcesBuildPhase;
			buildActionMask = 2147483647;
			files = (
				1AF9974422BE9F6200E4EF4A /* LaunchScreen.storyboard in Resources */,
				1AF9974122BE9F6200E4EF4A /* Assets.xcassets in Resources */,
				1AF9973C22BE9F6000E4EF4A /* Main.storyboard in Resources */,
			);
			runOnlyForDeploymentPostprocessing = 0;
		};
/* End PBXResourcesBuildPhase section */

/* Begin PBXSourcesBuildPhase section */
		1AF9972F22BE9F6000E4EF4A /* Sources */ = {
			isa = PBXSourcesBuildPhase;
			buildActionMask = 2147483647;
			files = (
				1AF9973F22BE9F6000E4EF4A /* Lunch.xcdatamodeld in Sources */,
				1AF9975022BEA76A00E4EF4A /* DataModel.xcdatamodeld in Sources */,
				1AF9973922BE9F6000E4EF4A /* WhoNeedsToGetViewController.swift in Sources */,
				1AF9973722BE9F6000E4EF4A /* AppDelegate.swift in Sources */,
			);
			runOnlyForDeploymentPostprocessing = 0;
		};
/* End PBXSourcesBuildPhase section */

/* Begin PBXVariantGroup section */
		1AF9973A22BE9F6000E4EF4A /* Main.storyboard */ = {
			isa = PBXVariantGroup;
			children = (
				1AF9973B22BE9F6000E4EF4A /* Base */,
			);
			name = Main.storyboard;
			sourceTree = "<group>";
		};
		1AF9974222BE9F6200E4EF4A /* LaunchScreen.storyboard */ = {
			isa = PBXVariantGroup;
			children = (
				1AF9974322BE9F6200E4EF4A /* Base */,
			);
			name = LaunchScreen.storyboard;
			sourceTree = "<group>";
		};
/* End PBXVariantGroup section */

/* Begin XCBuildConfiguration section */
		1AF9974622BE9F6200E4EF4A /* Debug */ = {
			isa = XCBuildConfiguration;
			buildSettings = {
				ALWAYS_SEARCH_USER_PATHS = NO;
				CLANG_ANALYZER_NONNULL = YES;
				CLANG_ANALYZER_NUMBER_OBJECT_CONVERSION = YES_AGGRESSIVE;
				CLANG_CXX_LANGUAGE_STANDARD = "gnu++14";
				CLANG_CXX_LIBRARY = "libc++";
				CLANG_ENABLE_MODULES = YES;
				CLANG_ENABLE_OBJC_ARC = YES;
				CLANG_ENABLE_OBJC_WEAK = YES;
				CLANG_WARN_BLOCK_CAPTURE_AUTORELEASING = YES;
				CLANG_WARN_BOOL_CONVERSION = YES;
				CLANG_WARN_COMMA = YES;
				CLANG_WARN_CONSTANT_CONVERSION = YES;
				CLANG_WARN_DEPRECATED_OBJC_IMPLEMENTATIONS = YES;
				CLANG_WARN_DIRECT_OBJC_ISA_USAGE = YES_ERROR;
				CLANG_WARN_DOCUMENTATION_COMMENTS = YES;
				CLANG_WARN_EMPTY_BODY = YES;
				CLANG_WARN_ENUM_CONVERSION = YES;
				CLANG_WARN_INFINITE_RECURSION = YES;
				CLANG_WARN_INT_CONVERSION = YES;
				CLANG_WARN_NON_LITERAL_NULL_CONVERSION = YES;
				CLANG_WARN_OBJC_IMPLICIT_RETAIN_SELF = YES;
				CLANG_WARN_OBJC_LITERAL_CONVERSION = YES;
				CLANG_WARN_OBJC_ROOT_CLASS = YES_ERROR;
				CLANG_WARN_RANGE_LOOP_ANALYSIS = YES;
				CLANG_WARN_STRICT_PROTOTYPES = YES;
				CLANG_WARN_SUSPICIOUS_MOVE = YES;
				CLANG_WARN_UNGUARDED_AVAILABILITY = YES_AGGRESSIVE;
				CLANG_WARN_UNREACHABLE_CODE = YES;
				CLANG_WARN__DUPLICATE_METHOD_MATCH = YES;
				CODE_SIGN_IDENTITY = "iPhone Developer";
				COPY_PHASE_STRIP = NO;
				DEBUG_INFORMATION_FORMAT = dwarf;
				ENABLE_STRICT_OBJC_MSGSEND = YES;
				ENABLE_TESTABILITY = YES;
				GCC_C_LANGUAGE_STANDARD = gnu11;
				GCC_DYNAMIC_NO_PIC = NO;
				GCC_NO_COMMON_BLOCKS = YES;
				GCC_OPTIMIZATION_LEVEL = 0;
				GCC_PREPROCESSOR_DEFINITIONS = (
					"DEBUG=1",
					"$(inherited)",
				);
				GCC_WARN_64_TO_32_BIT_CONVERSION = YES;
				GCC_WARN_ABOUT_RETURN_TYPE = YES_ERROR;
				GCC_WARN_UNDECLARED_SELECTOR = YES;
				GCC_WARN_UNINITIALIZED_AUTOS = YES_AGGRESSIVE;
				GCC_WARN_UNUSED_FUNCTION = YES;
				GCC_WARN_UNUSED_VARIABLE = YES;
				IPHONEOS_DEPLOYMENT_TARGET = 12.1;
				MTL_ENABLE_DEBUG_INFO = INCLUDE_SOURCE;
				MTL_FAST_MATH = YES;
				ONLY_ACTIVE_ARCH = YES;
				SDKROOT = iphoneos;
				SWIFT_ACTIVE_COMPILATION_CONDITIONS = DEBUG;
				SWIFT_OPTIMIZATION_LEVEL = "-Onone";
			};
			name = Debug;
		};
		1AF9974722BE9F6200E4EF4A /* Release */ = {
			isa = XCBuildConfiguration;
			buildSettings = {
				ALWAYS_SEARCH_USER_PATHS = NO;
				CLANG_ANALYZER_NONNULL = YES;
				CLANG_ANALYZER_NUMBER_OBJECT_CONVERSION = YES_AGGRESSIVE;
				CLANG_CXX_LANGUAGE_STANDARD = "gnu++14";
				CLANG_CXX_LIBRARY = "libc++";
				CLANG_ENABLE_MODULES = YES;
				CLANG_ENABLE_OBJC_ARC = YES;
				CLANG_ENABLE_OBJC_WEAK = YES;
				CLANG_WARN_BLOCK_CAPTURE_AUTORELEASING = YES;
				CLANG_WARN_BOOL_CONVERSION = YES;
				CLANG_WARN_COMMA = YES;
				CLANG_WARN_CONSTANT_CONVERSION = YES;
				CLANG_WARN_DEPRECATED_OBJC_IMPLEMENTATIONS = YES;
				CLANG_WARN_DIRECT_OBJC_ISA_USAGE = YES_ERROR;
				CLANG_WARN_DOCUMENTATION_COMMENTS = YES;
				CLANG_WARN_EMPTY_BODY = YES;
				CLANG_WARN_ENUM_CONVERSION = YES;
				CLANG_WARN_INFINITE_RECURSION = YES;
				CLANG_WARN_INT_CONVERSION = YES;
				CLANG_WARN_NON_LITERAL_NULL_CONVERSION = YES;
				CLANG_WARN_OBJC_IMPLICIT_RETAIN_SELF = YES;
				CLANG_WARN_OBJC_LITERAL_CONVERSION = YES;
				CLANG_WARN_OBJC_ROOT_CLASS = YES_ERROR;
				CLANG_WARN_RANGE_LOOP_ANALYSIS = YES;
				CLANG_WARN_STRICT_PROTOTYPES = YES;
				CLANG_WARN_SUSPICIOUS_MOVE = YES;
				CLANG_WARN_UNGUARDED_AVAILABILITY = YES_AGGRESSIVE;
				CLANG_WARN_UNREACHABLE_CODE = YES;
				CLANG_WARN__DUPLICATE_METHOD_MATCH = YES;
				CODE_SIGN_IDENTITY = "iPhone Developer";
				COPY_PHASE_STRIP = NO;
				DEBUG_INFORMATION_FORMAT = "dwarf-with-dsym";
				ENABLE_NS_ASSERTIONS = NO;
				ENABLE_STRICT_OBJC_MSGSEND = YES;
				GCC_C_LANGUAGE_STANDARD = gnu11;
				GCC_NO_COMMON_BLOCKS = YES;
				GCC_WARN_64_TO_32_BIT_CONVERSION = YES;
				GCC_WARN_ABOUT_RETURN_TYPE = YES_ERROR;
				GCC_WARN_UNDECLARED_SELECTOR = YES;
				GCC_WARN_UNINITIALIZED_AUTOS = YES_AGGRESSIVE;
				GCC_WARN_UNUSED_FUNCTION = YES;
				GCC_WARN_UNUSED_VARIABLE = YES;
				IPHONEOS_DEPLOYMENT_TARGET = 12.1;
				MTL_ENABLE_DEBUG_INFO = NO;
				MTL_FAST_MATH = YES;
				SDKROOT = iphoneos;
				SWIFT_COMPILATION_MODE = wholemodule;
				SWIFT_OPTIMIZATION_LEVEL = "-O";
				VALIDATE_PRODUCT = YES;
			};
			name = Release;
		};
		1AF9974922BE9F6200E4EF4A /* Debug */ = {
			isa = XCBuildConfiguration;
			buildSettings = {
				ASSETCATALOG_COMPILER_APPICON_NAME = AppIcon;
				CODE_SIGN_STYLE = Automatic;
				DEVELOPMENT_TEAM = 32YQ5C8JJ6;
				INFOPLIST_FILE = Lunch/Info.plist;
				LD_RUNPATH_SEARCH_PATHS = (
					"$(inherited)",
					"@executable_path/Frameworks",
				);
				PRODUCT_BUNDLE_IDENTIFIER = net.theproductivedeveloper.Lunch;
				PRODUCT_NAME = "$(TARGET_NAME)";
				SWIFT_VERSION = 4.2;
				TARGETED_DEVICE_FAMILY = "1,2";
			};
			name = Debug;
		};
		1AF9974A22BE9F6200E4EF4A /* Release */ = {
			isa = XCBuildConfiguration;
			buildSettings = {
				ASSETCATALOG_COMPILER_APPICON_NAME = AppIcon;
				CODE_SIGN_STYLE = Automatic;
				DEVELOPMENT_TEAM = 32YQ5C8JJ6;
				INFOPLIST_FILE = Lunch/Info.plist;
				LD_RUNPATH_SEARCH_PATHS = (
					"$(inherited)",
					"@executable_path/Frameworks",
				);
				PRODUCT_BUNDLE_IDENTIFIER = net.theproductivedeveloper.Lunch;
				PRODUCT_NAME = "$(TARGET_NAME)";
				SWIFT_VERSION = 4.2;
				TARGETED_DEVICE_FAMILY = "1,2";
			};
			name = Release;
		};
/* End XCBuildConfiguration section */

/* Begin XCConfigurationList section */
		1AF9972E22BE9F6000E4EF4A /* Build configuration list for PBXProject "Lunch" */ = {
			isa = XCConfigurationList;
			buildConfigurations = (
				1AF9974622BE9F6200E4EF4A /* Debug */,
				1AF9974722BE9F6200E4EF4A /* Release */,
			);
			defaultConfigurationIsVisible = 0;
			defaultConfigurationName = Release;
		};
		1AF9974822BE9F6200E4EF4A /* Build configuration list for PBXNativeTarget "Lunch" */ = {
			isa = XCConfigurationList;
			buildConfigurations = (
				1AF9974922BE9F6200E4EF4A /* Debug */,
				1AF9974A22BE9F6200E4EF4A /* Release */,
			);
			defaultConfigurationIsVisible = 0;
			defaultConfigurationName = Release;
		};
/* End XCConfigurationList section */

/* Begin XCVersionGroup section */
		1AF9973D22BE9F6000E4EF4A /* Lunch.xcdatamodeld */ = {
			isa = XCVersionGroup;
			children = (
				1AF9973E22BE9F6000E4EF4A /* Lunch.xcdatamodel */,
			);
			currentVersion = 1AF9973E22BE9F6000E4EF4A /* Lunch.xcdatamodel */;
			path = Lunch.xcdatamodeld;
			sourceTree = "<group>";
			versionGroupType = wrapper.xcdatamodel;
		};
		1AF9974E22BEA76A00E4EF4A /* DataModel.xcdatamodeld */ = {
			isa = XCVersionGroup;
			children = (
				1AF9974F22BEA76A00E4EF4A /* DataModel.xcdatamodel */,
			);
			currentVersion = 1AF9974F22BEA76A00E4EF4A /* DataModel.xcdatamodel */;
			path = DataModel.xcdatamodeld;
			sourceTree = "<group>";
			versionGroupType = wrapper.xcdatamodel;
		};
/* End XCVersionGroup section */
	};
	rootObject = 1AF9972B22BE9F6000E4EF4A /* Project object */;
}
